
Microsoft Visual Studio Solution File, Format Version 12.00
Project("{FAE04EC0-301F-11D3-BF4B-00C04F79EFBC}") = "NightSky.API", "NightSky.API\NightSky.API.csproj", "{66877BA7-8976-437C-A5F2-CE285DCF87DB}"
EndProject
Project("{FAE04EC0-301F-11D3-BF4B-00C04F79EFBC}") = "NightSky.Migrations", "NightSky.Migrations\NightSky.Migrations.csproj", "{B614453A-6E18-4655-9DF5-53F1AD3F8ED3}"
EndProject
Project("{FAE04EC0-301F-11D3-BF4B-00C04F79EFBC}") = "NightSky.UnitTests", "NightSky.UnitTests\NightSky.UnitTests.csproj", "{6CBA6B33-6F0B-4BD0-9990-66CB2F751D65}"
EndProject
Global
	GlobalSection(SolutionConfigurationPlatforms) = preSolution
		Debug|Any CPU = Debug|Any CPU
		Release|Any CPU = Release|Any CPU
	EndGlobalSection
	GlobalSection(ProjectConfigurationPlatforms) = postSolution
		{66877BA7-8976-437C-A5F2-CE285DCF87DB}.Debug|Any CPU.ActiveCfg = Debug|Any CPU
		{66877BA7-8976-437C-A5F2-CE285DCF87DB}.Debug|Any CPU.Build.0 = Debug|Any CPU
		{66877BA7-8976-437C-A5F2-CE285DCF87DB}.Release|Any CPU.ActiveCfg = Release|Any CPU
		{66877BA7-8976-437C-A5F2-CE285DCF87DB}.Release|Any CPU.Build.0 = Release|Any CPU
		{B614453A-6E18-4655-9DF5-53F1AD3F8ED3}.Debug|Any CPU.ActiveCfg = Debug|Any CPU
		{B614453A-6E18-4655-9DF5-53F1AD3F8ED3}.Debug|Any CPU.Build.0 = Debug|Any CPU
		{B614453A-6E18-4655-9DF5-53F1AD3F8ED3}.Release|Any CPU.ActiveCfg = Release|Any CPU
		{B614453A-6E18-4655-9DF5-53F1AD3F8ED3}.Release|Any CPU.Build.0 = Release|Any CPU
		{6CBA6B33-6F0B-4BD0-9990-66CB2F751D65}.Debug|Any CPU.ActiveCfg = Debug|Any CPU
		{6CBA6B33-6F0B-4BD0-9990-66CB2F751D65}.Debug|Any CPU.Build.0 = Debug|Any CPU
		{6CBA6B33-6F0B-4BD0-9990-66CB2F751D65}.Release|Any CPU.ActiveCfg = Release|Any CPU
		{6CBA6B33-6F0B-4BD0-9990-66CB2F751D65}.Release|Any CPU.Build.0 = Release|Any CPU
	EndGlobalSection
EndGlobal
